schema: '2.0'
stages:
  train:
    cmd: python graded_assignment.py
    deps:
    - path: data/iris.csv
      hash: md5
      md5: 9c22f7cf3714d0c194f5f43a6276ca9d
      size: 3861
    - path: graded_assignment.py
      hash: md5
      md5: b3a7ae0628340b4557492b59f8342f22
      size: 1758
    outs:
    - path: artifacts/model.joblib
      hash: md5
      md5: d94ef906bec389ec316cd0e5a164ac50
      size: 2577
    - path: artifacts/predictions.csv
      hash: md5
      md5: f63efc94dc07727791591acc28059f03
      size: 2146
