schema: '2.0'
stages:
  train:
    cmd: python week_2_graded_assignment.py
    deps:
    - path: data/iris.csv
      hash: md5
      md5: 6567d541b3bf085ba5c9fda0a05f1b60
      size: 3093
    - path: week_2_graded_assignment.py
      hash: md5
      md5: ab8f60a00b48239fde555515d785e88a
      size: 1239
    outs:
    - path: artifacts/model.joblib
      hash: md5
      md5: a5b50f089e3ea73c86c286606173791e
      size: 2577
